// !$*UTF8*$!
{
	archiveVersion = 1;
	classes = {
	};
	objectVersion = 56;
	objects = {

/* Begin PBXBuildFile section */
		A276B36E29EADC1D00CBFB51 /* AppDelegate.swift in Sources */ = {isa = PBXBuildFile; fileRef = A276B36D29EADC1D00CBFB51 /* AppDelegate.swift */; };
		A276B37029EADC1D00CBFB51 /* SceneDelegate.swift in Sources */ = {isa = PBXBuildFile; fileRef = A276B36F29EADC1D00CBFB51 /* SceneDelegate.swift */; };
		A276B37229EADC1D00CBFB51 /* ViewController.swift in Sources */ = {isa = PBXBuildFile; fileRef = A276B37129EADC1D00CBFB51 /* ViewController.swift */; };
		A276B37529EADC1D00CBFB51 /* Main.storyboard in Resources */ = {isa = PBXBuildFile; fileRef = A276B37329EADC1D00CBFB51 /* Main.storyboard */; };
		A276B37729EADC1E00CBFB51 /* Assets.xcassets in Resources */ = {isa = PBXBuildFile; fileRef = A276B37629EADC1E00CBFB51 /* Assets.xcassets */; };
		A276B37A29EADC1E00CBFB51 /* LaunchScreen.storyboard in Resources */ = {isa = PBXBuildFile; fileRef = A276B37829EADC1E00CBFB51 /* LaunchScreen.storyboard */; };
		A276B38529EADC1E00CBFB51 /* swiftTestingTests.swift in Sources */ = {isa = PBXBuildFile; fileRef = A276B38429EADC1E00CBFB51 /* swiftTestingTests.swift */; };
		A276B38F29EADC1E00CBFB51 /* swiftTestingUITests.swift in Sources */ = {isa = PBXBuildFile; fileRef = A276B38E29EADC1E00CBFB51 /* swiftTestingUITests.swift */; };
		A276B39129EADC1E00CBFB51 /* swiftTestingUITestsLaunchTests.swift in Sources */ = {isa = PBXBuildFile; fileRef = A276B39029EADC1E00CBFB51 /* swiftTestingUITestsLaunchTests.swift */; };
		A276B39E29EADC7800CBFB51 /* mathematicFunc.swift in Sources */ = {isa = PBXBuildFile; fileRef = A276B39D29EADC7800CBFB51 /* mathematicFunc.swift */; };
/* End PBXBuildFile section */

/* Begin PBXContainerItemProxy section */
		A276B38129EADC1E00CBFB51 /* PBXContainerItemProxy */ = {
			isa = PBXContainerItemProxy;
			containerPortal = A276B36229EADC1D00CBFB51 /* Project object */;
			proxyType = 1;
			remoteGlobalIDString = A276B36929EADC1D00CBFB51;
			remoteInfo = swiftTesting;
		};
		A276B38B29EADC1E00CBFB51 /* PBXContainerItemProxy */ = {
			isa = PBXContainerItemProxy;
			containerPortal = A276B36229EADC1D00CBFB51 /* Project object */;
			proxyType = 1;
			remoteGlobalIDString = A276B36929EADC1D00CBFB51;
			remoteInfo = swiftTesting;
		};
/* End PBXContainerItemProxy section */

/* Begin PBXFileReference section */
		A276B36A29EADC1D00CBFB51 /* swiftTesting.app */ = {isa = PBXFileReference; explicitFileType = wrapper.application; includeInIndex = 0; path = swiftTesting.app; sourceTree = BUILT_PRODUCTS_DIR; };
		A276B36D29EADC1D00CBFB51 /* AppDelegate.swift */ = {isa = PBXFileReference; lastKnownFileType = sourcecode.swift; path = AppDelegate.swift; sourceTree = "<group>"; };
		A276B36F29EADC1D00CBFB51 /* SceneDelegate.swift */ = {isa = PBXFileReference; lastKnownFileType = sourcecode.swift; path = SceneDelegate.swift; sourceTree = "<group>"; };
		A276B37129EADC1D00CBFB51 /* ViewController.swift */ = {isa = PBXFileReference; lastKnownFileType = sourcecode.swift; path = ViewController.swift; sourceTree = "<group>"; };
		A276B37429EADC1D00CBFB51 /* Base */ = {isa = PBXFileReference; lastKnownFileType = file.storyboard; name = Base; path = Base.lproj/Main.storyboard; sourceTree = "<group>"; };
		A276B37629EADC1E00CBFB51 /* Assets.xcassets */ = {isa = PBXFileReference; lastKnownFileType = folder.assetcatalog; path = Assets.xcassets; sourceTree = "<group>"; };
		A276B37929EADC1E00CBFB51 /* Base */ = {isa = PBXFileReference; lastKnownFileType = file.storyboard; name = Base; path = Base.lproj/LaunchScreen.storyboard; sourceTree = "<group>"; };
		A276B37B29EADC1E00CBFB51 /* Info.plist */ = {isa = PBXFileReference; lastKnownFileType = text.plist.xml; path = Info.plist; sourceTree = "<group>"; };
		A276B38029EADC1E00CBFB51 /* swiftTestingTests.xctest */ = {isa = PBXFileReference; explicitFileType = wrapper.cfbundle; includeInIndex = 0; path = swiftTestingTests.xctest; sourceTree = BUILT_PRODUCTS_DIR; };
		A276B38429EADC1E00CBFB51 /* swiftTestingTests.swift */ = {isa = PBXFileReference; lastKnownFileType = sourcecode.swift; path = swiftTestingTests.swift; sourceTree = "<group>"; };
		A276B38A29EADC1E00CBFB51 /* swiftTestingUITests.xctest */ = {isa = PBXFileReference; explicitFileType = wrapper.cfbundle; includeInIndex = 0; path = swiftTestingUITests.xctest; sourceTree = BUILT_PRODUCTS_DIR; };
		A276B38E29EADC1E00CBFB51 /* swiftTestingUITests.swift */ = {isa = PBXFileReference; lastKnownFileType = sourcecode.swift; path = swiftTestingUITests.swift; sourceTree = "<group>"; };
		A276B39029EADC1E00CBFB51 /* swiftTestingUITestsLaunchTests.swift */ = {isa = PBXFileReference; lastKnownFileType = sourcecode.swift; path = swiftTestingUITestsLaunchTests.swift; sourceTree = "<group>"; };
		A276B39D29EADC7800CBFB51 /* mathematicFunc.swift */ = {isa = PBXFileReference; lastKnownFileType = sourcecode.swift; path = mathematicFunc.swift; sourceTree = "<group>"; };
/* End PBXFileReference section */

/* Begin PBXFrameworksBuildPhase section */
		A276B36729EADC1D00CBFB51 /* Frameworks */ = {
			isa = PBXFrameworksBuildPhase;
			buildActionMask = 2147483647;
			files = (
			);
			runOnlyForDeploymentPostprocessing = 0;
		};
		A276B37D29EADC1E00CBFB51 /* Frameworks */ = {
			isa = PBXFrameworksBuildPhase;
			buildActionMask = 2147483647;
			files = (
			);
			runOnlyForDeploymentPostprocessing = 0;
		};
		A276B38729EADC1E00CBFB51 /* Frameworks */ = {
			isa = PBXFrameworksBuildPhase;
			buildActionMask = 2147483647;
			files = (
			);
			runOnlyForDeploymentPostprocessing = 0;
		};
/* End PBXFrameworksBuildPhase section */

/* Begin PBXGroup section */
		A276B36129EADC1D00CBFB51 = {
			isa = PBXGroup;
			children = (
				A276B36C29EADC1D00CBFB51 /* swiftTesting */,
				A276B38329EADC1E00CBFB51 /* swiftTestingTests */,
				A276B38D29EADC1E00CBFB51 /* swiftTestingUITests */,
				A276B36B29EADC1D00CBFB51 /* Products */,
			);
			sourceTree = "<group>";
		};
		A276B36B29EADC1D00CBFB51 /* Products */ = {
			isa = PBXGroup;
			children = (
				A276B36A29EADC1D00CBFB51 /* swiftTesting.app */,
				A276B38029EADC1E00CBFB51 /* swiftTestingTests.xctest */,
				A276B38A29EADC1E00CBFB51 /* swiftTestingUITests.xctest */,
			);
			name = Products;
			sourceTree = "<group>";
		};
		A276B36C29EADC1D00CBFB51 /* swiftTesting */ = {
			isa = PBXGroup;
			children = (
				A276B36D29EADC1D00CBFB51 /* AppDelegate.swift */,
				A276B36F29EADC1D00CBFB51 /* SceneDelegate.swift */,
				A276B37129EADC1D00CBFB51 /* ViewController.swift */,
				A276B37329EADC1D00CBFB51 /* Main.storyboard */,
				A276B37629EADC1E00CBFB51 /* Assets.xcassets */,
				A276B37829EADC1E00CBFB51 /* LaunchScreen.storyboard */,
				A276B37B29EADC1E00CBFB51 /* Info.plist */,
				A276B39D29EADC7800CBFB51 /* mathematicFunc.swift */,
			);
			path = swiftTesting;
			sourceTree = "<group>";
		};
		A276B38329EADC1E00CBFB51 /* swiftTestingTests */ = {
			isa = PBXGroup;
			children = (
				A276B38429EADC1E00CBFB51 /* swiftTestingTests.swift */,
			);
			path = swiftTestingTests;
			sourceTree = "<group>";
		};
		A276B38D29EADC1E00CBFB51 /* swiftTestingUITests */ = {
			isa = PBXGroup;
			children = (
				A276B38E29EADC1E00CBFB51 /* swiftTestingUITests.swift */,
				A276B39029EADC1E00CBFB51 /* swiftTestingUITestsLaunchTests.swift */,
			);
			path = swiftTestingUITests;
			sourceTree = "<group>";
		};
/* End PBXGroup section */

/* Begin PBXNativeTarget section */
		A276B36929EADC1D00CBFB51 /* swiftTesting */ = {
			isa = PBXNativeTarget;
			buildConfigurationList = A276B39429EADC1E00CBFB51 /* Build configuration list for PBXNativeTarget "swiftTesting" */;
			buildPhases = (
				A276B36629EADC1D00CBFB51 /* Sources */,
				A276B36729EADC1D00CBFB51 /* Frameworks */,
				A276B36829EADC1D00CBFB51 /* Resources */,
			);
			buildRules = (
			);
			dependencies = (
			);
			name = swiftTesting;
			productName = swiftTesting;
			productReference = A276B36A29EADC1D00CBFB51 /* swiftTesting.app */;
			productType = "com.apple.product-type.application";
		};
		A276B37F29EADC1E00CBFB51 /* swiftTestingTests */ = {
			isa = PBXNativeTarget;
			buildConfigurationList = A276B39729EADC1E00CBFB51 /* Build configuration list for PBXNativeTarget "swiftTestingTests" */;
			buildPhases = (
				A276B37C29EADC1E00CBFB51 /* Sources */,
				A276B37D29EADC1E00CBFB51 /* Frameworks */,
				A276B37E29EADC1E00CBFB51 /* Resources */,
			);
			buildRules = (
			);
			dependencies = (
				A276B38229EADC1E00CBFB51 /* PBXTargetDependency */,
			);
			name = swiftTestingTests;
			productName = swiftTestingTests;
			productReference = A276B38029EADC1E00CBFB51 /* swiftTestingTests.xctest */;
			productType = "com.apple.product-type.bundle.unit-test";
		};
		A276B38929EADC1E00CBFB51 /* swiftTestingUITests */ = {
			isa = PBXNativeTarget;
			buildConfigurationList = A276B39A29EADC1E00CBFB51 /* Build configuration list for PBXNativeTarget "swiftTestingUITests" */;
			buildPhases = (
				A276B38629EADC1E00CBFB51 /* Sources */,
				A276B38729EADC1E00CBFB51 /* Frameworks */,
				A276B38829EADC1E00CBFB51 /* Resources */,
			);
			buildRules = (
			);
			dependencies = (
				A276B38C29EADC1E00CBFB51 /* PBXTargetDependency */,
			);
			name = swiftTestingUITests;
			productName = swiftTestingUITests;
			productReference = A276B38A29EADC1E00CBFB51 /* swiftTestingUITests.xctest */;
			productType = "com.apple.product-type.bundle.ui-testing";
		};
/* End PBXNativeTarget section */

/* Begin PBXProject section */
		A276B36229EADC1D00CBFB51 /* Project object */ = {
			isa = PBXProject;
			attributes = {
				BuildIndependentTargetsInParallel = 1;
				LastSwiftUpdateCheck = 1420;
				LastUpgradeCheck = 1420;
				TargetAttributes = {
					A276B36929EADC1D00CBFB51 = {
						CreatedOnToolsVersion = 14.2;
					};
					A276B37F29EADC1E00CBFB51 = {
						CreatedOnToolsVersion = 14.2;
						TestTargetID = A276B36929EADC1D00CBFB51;
					};
					A276B38929EADC1E00CBFB51 = {
						CreatedOnToolsVersion = 14.2;
						TestTargetID = A276B36929EADC1D00CBFB51;
					};
				};
			};
			buildConfigurationList = A276B36529EADC1D00CBFB51 /* Build configuration list for PBXProject "swiftTesting" */;
			compatibilityVersion = "Xcode 14.0";
			developmentRegion = en;
			hasScannedForEncodings = 0;
			knownRegions = (
				en,
				Base,
			);
			mainGroup = A276B36129EADC1D00CBFB51;
			productRefGroup = A276B36B29EADC1D00CBFB51 /* Products */;
			projectDirPath = "";
			projectRoot = "";
			targets = (
				A276B36929EADC1D00CBFB51 /* swiftTesting */,
				A276B37F29EADC1E00CBFB51 /* swiftTestingTests */,
				A276B38929EADC1E00CBFB51 /* swiftTestingUITests */,
			);
		};
/* End PBXProject section */

/* Begin PBXResourcesBuildPhase section */
		A276B36829EADC1D00CBFB51 /* Resources */ = {
			isa = PBXResourcesBuildPhase;
			buildActionMask = 2147483647;
			files = (
				A276B37A29EADC1E00CBFB51 /* LaunchScreen.storyboard in Resources */,
				A276B37729EADC1E00CBFB51 /* Assets.xcassets in Resources */,
				A276B37529EADC1D00CBFB51 /* Main.storyboard in Resources */,
			);
			runOnlyForDeploymentPostprocessing = 0;
		};
		A276B37E29EADC1E00CBFB51 /* Resources */ = {
			isa = PBXResourcesBuildPhase;
			buildActionMask = 2147483647;
			files = (
			);
			runOnlyForDeploymentPostprocessing = 0;
		};
		A276B38829EADC1E00CBFB51 /* Resources */ = {
			isa = PBXResourcesBuildPhase;
			buildActionMask = 2147483647;
			files = (
			);
			runOnlyForDeploymentPostprocessing = 0;
		};
/* End PBXResourcesBuildPhase section */

/* Begin PBXSourcesBuildPhase section */
		A276B36629EADC1D00CBFB51 /* Sources */ = {
			isa = PBXSourcesBuildPhase;
			buildActionMask = 2147483647;
			files = (
				A276B39E29EADC7800CBFB51 /* mathematicFunc.swift in Sources */,
				A276B37229EADC1D00CBFB51 /* ViewController.swift in Sources */,
				A276B36E29EADC1D00CBFB51 /* AppDelegate.swift in Sources */,
				A276B37029EADC1D00CBFB51 /* SceneDelegate.swift in Sources */,
			);
			runOnlyForDeploymentPostprocessing = 0;
		};
		A276B37C29EADC1E00CBFB51 /* Sources */ = {
			isa = PBXSourcesBuildPhase;
			buildActionMask = 2147483647;
			files = (
				A276B38529EADC1E00CBFB51 /* swiftTestingTests.swift in Sources */,
			);
			runOnlyForDeploymentPostprocessing = 0;
		};
		A276B38629EADC1E00CBFB51 /* Sources */ = {
			isa = PBXSourcesBuildPhase;
			buildActionMask = 2147483647;
			files = (
				A276B38F29EADC1E00CBFB51 /* swiftTestingUITests.swift in Sources */,
				A276B39129EADC1E00CBFB51 /* swiftTestingUITestsLaunchTests.swift in Sources */,
			);
			runOnlyForDeploymentPostprocessing = 0;
		};
/* End PBXSourcesBuildPhase section */

/* Begin PBXTargetDependency section */
		A276B38229EADC1E00CBFB51 /* PBXTargetDependency */ = {
			isa = PBXTargetDependency;
			target = A276B36929EADC1D00CBFB51 /* swiftTesting */;
			targetProxy = A276B38129EADC1E00CBFB51 /* PBXContainerItemProxy */;
		};
		A276B38C29EADC1E00CBFB51 /* PBXTargetDependency */ = {
			isa = PBXTargetDependency;
			target = A276B36929EADC1D00CBFB51 /* swiftTesting */;
			targetProxy = A276B38B29EADC1E00CBFB51 /* PBXContainerItemProxy */;
		};
/* End PBXTargetDependency section */

/* Begin PBXVariantGroup section */
		A276B37329EADC1D00CBFB51 /* Main.storyboard */ = {
			isa = PBXVariantGroup;
			children = (
				A276B37429EADC1D00CBFB51 /* Base */,
			);
			name = Main.storyboard;
			sourceTree = "<group>";
		};
		A276B37829EADC1E00CBFB51 /* LaunchScreen.storyboard */ = {
			isa = PBXVariantGroup;
			children = (
				A276B37929EADC1E00CBFB51 /* Base */,
			);
			name = LaunchScreen.storyboard;
			sourceTree = "<group>";
		};
/* End PBXVariantGroup section */

/* Begin XCBuildConfiguration section */
		A276B39229EADC1E00CBFB51 /* Debug */ = {
			isa = XCBuildConfiguration;
			buildSettings = {
				ALWAYS_SEARCH_USER_PATHS = NO;
				CLANG_ANALYZER_NONNULL = YES;
				CLANG_ANALYZER_NUMBER_OBJECT_CONVERSION = YES_AGGRESSIVE;
				CLANG_CXX_LANGUAGE_STANDARD = "gnu++20";
				CLANG_ENABLE_MODULES = YES;
				CLANG_ENABLE_OBJC_ARC = YES;
				CLANG_ENABLE_OBJC_WEAK = YES;
				CLANG_WARN_BLOCK_CAPTURE_AUTORELEASING = YES;
				CLANG_WARN_BOOL_CONVERSION = YES;
				CLANG_WARN_COMMA = YES;
				CLANG_WARN_CONSTANT_CONVERSION = YES;
				CLANG_WARN_DEPRECATED_OBJC_IMPLEMENTATIONS = YES;
				CLANG_WARN_DIRECT_OBJC_ISA_USAGE = YES_ERROR;
				CLANG_WARN_DOCUMENTATION_COMMENTS = YES;
				CLANG_WARN_EMPTY_BODY = YES;
				CLANG_WARN_ENUM_CONVERSION = YES;
				CLANG_WARN_INFINITE_RECURSION = YES;
				CLANG_WARN_INT_CONVERSION = YES;
				CLANG_WARN_NON_LITERAL_NULL_CONVERSION = YES;
				CLANG_WARN_OBJC_IMPLICIT_RETAIN_SELF = YES;
				CLANG_WARN_OBJC_LITERAL_CONVERSION = YES;
				CLANG_WARN_OBJC_ROOT_CLASS = YES_ERROR;
				CLANG_WARN_QUOTED_INCLUDE_IN_FRAMEWORK_HEADER = YES;
				CLANG_WARN_RANGE_LOOP_ANALYSIS = YES;
				CLANG_WARN_STRICT_PROTOTYPES = YES;
				CLANG_WARN_SUSPICIOUS_MOVE = YES;
				CLANG_WARN_UNGUARDED_AVAILABILITY = YES_AGGRESSIVE;
				CLANG_WARN_UNREACHABLE_CODE = YES;
				CLANG_WARN__DUPLICATE_METHOD_MATCH = YES;
				COPY_PHASE_STRIP = NO;
				DEBUG_INFORMATION_FORMAT = dwarf;
				ENABLE_STRICT_OBJC_MSGSEND = YES;
				ENABLE_TESTABILITY = YES;
				GCC_C_LANGUAGE_STANDARD = gnu11;
				GCC_DYNAMIC_NO_PIC = NO;
				GCC_NO_COMMON_BLOCKS = YES;
				GCC_OPTIMIZATION_LEVEL = 0;
				GCC_PREPROCESSOR_DEFINITIONS = (
					"DEBUG=1",
					"$(inherited)",
				);
				GCC_WARN_64_TO_32_BIT_CONVERSION = YES;
				GCC_WARN_ABOUT_RETURN_TYPE = YES_ERROR;
				GCC_WARN_UNDECLARED_SELECTOR = YES;
				GCC_WARN_UNINITIALIZED_AUTOS = YES_AGGRESSIVE;
				GCC_WARN_UNUSED_FUNCTION = YES;
				GCC_WARN_UNUSED_VARIABLE = YES;
				IPHONEOS_DEPLOYMENT_TARGET = 16.2;
				MTL_ENABLE_DEBUG_INFO = INCLUDE_SOURCE;
				MTL_FAST_MATH = YES;
				ONLY_ACTIVE_ARCH = YES;
				SDKROOT = iphoneos;
				SWIFT_ACTIVE_COMPILATION_CONDITIONS = DEBUG;
				SWIFT_OPTIMIZATION_LEVEL = "-Onone";
			};
			name = Debug;
		};
		A276B39329EADC1E00CBFB51 /* Release */ = {
			isa = XCBuildConfiguration;
			buildSettings = {
				ALWAYS_SEARCH_USER_PATHS = NO;
				CLANG_ANALYZER_NONNULL = YES;
				CLANG_ANALYZER_NUMBER_OBJECT_CONVERSION = YES_AGGRESSIVE;
				CLANG_CXX_LANGUAGE_STANDARD = "gnu++20";
				CLANG_ENABLE_MODULES = YES;
				CLANG_ENABLE_OBJC_ARC = YES;
				CLANG_ENABLE_OBJC_WEAK = YES;
				CLANG_WARN_BLOCK_CAPTURE_AUTORELEASING = YES;
				CLANG_WARN_BOOL_CONVERSION = YES;
				CLANG_WARN_COMMA = YES;
				CLANG_WARN_CONSTANT_CONVERSION = YES;
				CLANG_WARN_DEPRECATED_OBJC_IMPLEMENTATIONS = YES;
				CLANG_WARN_DIRECT_OBJC_ISA_USAGE = YES_ERROR;
				CLANG_WARN_DOCUMENTATION_COMMENTS = YES;
				CLANG_WARN_EMPTY_BODY = YES;
				CLANG_WARN_ENUM_CONVERSION = YES;
				CLANG_WARN_INFINITE_RECURSION = YES;
				CLANG_WARN_INT_CONVERSION = YES;
				CLANG_WARN_NON_LITERAL_NULL_CONVERSION = YES;
				CLANG_WARN_OBJC_IMPLICIT_RETAIN_SELF = YES;
				CLANG_WARN_OBJC_LITERAL_CONVERSION = YES;
				CLANG_WARN_OBJC_ROOT_CLASS = YES_ERROR;
				CLANG_WARN_QUOTED_INCLUDE_IN_FRAMEWORK_HEADER = YES;
				CLANG_WARN_RANGE_LOOP_ANALYSIS = YES;
				CLANG_WARN_STRICT_PROTOTYPES = YES;
				CLANG_WARN_SUSPICIOUS_MOVE = YES;
				CLANG_WARN_UNGUARDED_AVAILABILITY = YES_AGGRESSIVE;
				CLANG_WARN_UNREACHABLE_CODE = YES;
				CLANG_WARN__DUPLICATE_METHOD_MATCH = YES;
				COPY_PHASE_STRIP = NO;
				DEBUG_INFORMATION_FORMAT = "dwarf-with-dsym";
				ENABLE_NS_ASSERTIONS = NO;
				ENABLE_STRICT_OBJC_MSGSEND = YES;
				GCC_C_LANGUAGE_STANDARD = gnu11;
				GCC_NO_COMMON_BLOCKS = YES;
				GCC_WARN_64_TO_32_BIT_CONVERSION = YES;
				GCC_WARN_ABOUT_RETURN_TYPE = YES_ERROR;
				GCC_WARN_UNDECLARED_SELECTOR = YES;
				GCC_WARN_UNINITIALIZED_AUTOS = YES_AGGRESSIVE;
				GCC_WARN_UNUSED_FUNCTION = YES;
				GCC_WARN_UNUSED_VARIABLE = YES;
				IPHONEOS_DEPLOYMENT_TARGET = 16.2;
				MTL_ENABLE_DEBUG_INFO = NO;
				MTL_FAST_MATH = YES;
				SDKROOT = iphoneos;
				SWIFT_COMPILATION_MODE = wholemodule;
				SWIFT_OPTIMIZATION_LEVEL = "-O";
				VALIDATE_PRODUCT = YES;
			};
			name = Release;
		};
		A276B39529EADC1E00CBFB51 /* Debug */ = {
			isa = XCBuildConfiguration;
			buildSettings = {
				ASSETCATALOG_COMPILER_APPICON_NAME = AppIcon;
				ASSETCATALOG_COMPILER_GLOBAL_ACCENT_COLOR_NAME = AccentColor;
				CODE_SIGN_STYLE = Automatic;
				CURRENT_PROJECT_VERSION = 1;
				DEVELOPMENT_TEAM = RN3SC24S4G;
				GENERATE_INFOPLIST_FILE = YES;
				INFOPLIST_FILE = swiftTesting/Info.plist;
				INFOPLIST_KEY_UIApplicationSupportsIndirectInputEvents = YES;
				INFOPLIST_KEY_UILaunchStoryboardName = LaunchScreen;
				INFOPLIST_KEY_UIMainStoryboardFile = Main;
				INFOPLIST_KEY_UISupportedInterfaceOrientations_iPad = "UIInterfaceOrientationPortrait UIInterfaceOrientationPortraitUpsideDown UIInterfaceOrientationLandscapeLeft UIInterfaceOrientationLandscapeRight";
				INFOPLIST_KEY_UISupportedInterfaceOrientations_iPhone = "UIInterfaceOrientationPortrait UIInterfaceOrientationLandscapeLeft UIInterfaceOrientationLandscapeRight";
				LD_RUNPATH_SEARCH_PATHS = (
					"$(inherited)",
					"@executable_path/Frameworks",
				);
				MARKETING_VERSION = 1.0;
				PRODUCT_BUNDLE_IDENTIFIER = com.alperenkavuk.swiftTesting;
				PRODUCT_NAME = "$(TARGET_NAME)";
				SWIFT_EMIT_LOC_STRINGS = YES;
				SWIFT_VERSION = 5.0;
				TARGETED_DEVICE_FAMILY = "1,2";
			};
			name = Debug;
		};
		A276B39629EADC1E00CBFB51 /* Release */ = {
			isa = XCBuildConfiguration;
			buildSettings = {
				ASSETCATALOG_COMPILER_APPICON_NAME = AppIcon;
				ASSETCATALOG_COMPILER_GLOBAL_ACCENT_COLOR_NAME = AccentColor;
				CODE_SIGN_STYLE = Automatic;
				CURRENT_PROJECT_VERSION = 1;
				DEVELOPMENT_TEAM = RN3SC24S4G;
				GENERATE_INFOPLIST_FILE = YES;
				INFOPLIST_FILE = swiftTesting/Info.plist;
				INFOPLIST_KEY_UIApplicationSupportsIndirectInputEvents = YES;
				INFOPLIST_KEY_UILaunchStoryboardName = LaunchScreen;
				INFOPLIST_KEY_UIMainStoryboardFile = Main;
				INFOPLIST_KEY_UISupportedInterfaceOrientations_iPad = "UIInterfaceOrientationPortrait UIInterfaceOrientationPortraitUpsideDown UIInterfaceOrientationLandscapeLeft UIInterfaceOrientationLandscapeRight";
				INFOPLIST_KEY_UISupportedInterfaceOrientations_iPhone = "UIInterfaceOrientationPortrait UIInterfaceOrientationLandscapeLeft UIInterfaceOrientationLandscapeRight";
				LD_RUNPATH_SEARCH_PATHS = (
					"$(inherited)",
					"@executable_path/Frameworks",
				);
				MARKETING_VERSION = 1.0;
				PRODUCT_BUNDLE_IDENTIFIER = com.alperenkavuk.swiftTesting;
				PRODUCT_NAME = "$(TARGET_NAME)";
				SWIFT_EMIT_LOC_STRINGS = YES;
				SWIFT_VERSION = 5.0;
				TARGETED_DEVICE_FAMILY = "1,2";
			};
			name = Release;
		};
		A276B39829EADC1E00CBFB51 /* Debug */ = {
			isa = XCBuildConfiguration;
			buildSettings = {
				ALWAYS_EMBED_SWIFT_STANDARD_LIBRARIES = YES;
				BUNDLE_LOADER = "$(TEST_HOST)";
				CODE_SIGN_STYLE = Automatic;
				CURRENT_PROJECT_VERSION = 1;
				DEVELOPMENT_TEAM = RN3SC24S4G;
				GENERATE_INFOPLIST_FILE = YES;
				IPHONEOS_DEPLOYMENT_TARGET = 16.2;
				MARKETING_VERSION = 1.0;
				PRODUCT_BUNDLE_IDENTIFIER = com.alperenkavuk.swiftTestingTests;
				PRODUCT_NAME = "$(TARGET_NAME)";
				SWIFT_EMIT_LOC_STRINGS = NO;
				SWIFT_VERSION = 5.0;
				TARGETED_DEVICE_FAMILY = "1,2";
				TEST_HOST = "$(BUILT_PRODUCTS_DIR)/swiftTesting.app/$(BUNDLE_EXECUTABLE_FOLDER_PATH)/swiftTesting";
			};
			name = Debug;
		};
		A276B39929EADC1E00CBFB51 /* Release */ = {
			isa = XCBuildConfiguration;
			buildSettings = {
				ALWAYS_EMBED_SWIFT_STANDARD_LIBRARIES = YES;
				BUNDLE_LOADER = "$(TEST_HOST)";
				CODE_SIGN_STYLE = Automatic;
				CURRENT_PROJECT_VERSION = 1;
				DEVELOPMENT_TEAM = RN3SC24S4G;
				GENERATE_INFOPLIST_FILE = YES;
				IPHONEOS_DEPLOYMENT_TARGET = 16.2;
				MARKETING_VERSION = 1.0;
				PRODUCT_BUNDLE_IDENTIFIER = com.alperenkavuk.swiftTestingTests;
				PRODUCT_NAME = "$(TARGET_NAME)";
				SWIFT_EMIT_LOC_STRINGS = NO;
				SWIFT_VERSION = 5.0;
				TARGETED_DEVICE_FAMILY = "1,2";
				TEST_HOST = "$(BUILT_PRODUCTS_DIR)/swiftTesting.app/$(BUNDLE_EXECUTABLE_FOLDER_PATH)/swiftTesting";
			};
			name = Release;
		};
		A276B39B29EADC1E00CBFB51 /* Debug */ = {
			isa = XCBuildConfiguration;
			buildSettings = {
				ALWAYS_EMBED_SWIFT_STANDARD_LIBRARIES = YES;
				CODE_SIGN_STYLE = Automatic;
				CURRENT_PROJECT_VERSION = 1;
				DEVELOPMENT_TEAM = RN3SC24S4G;
				GENERATE_INFOPLIST_FILE = YES;
				MARKETING_VERSION = 1.0;
				PRODUCT_BUNDLE_IDENTIFIER = com.alperenkavuk.swiftTestingUITests;
				PRODUCT_NAME = "$(TARGET_NAME)";
				SWIFT_EMIT_LOC_STRINGS = NO;
				SWIFT_VERSION = 5.0;
				TARGETED_DEVICE_FAMILY = "1,2";
				TEST_TARGET_NAME = swiftTesting;
			};
			name = Debug;
		};
		A276B39C29EADC1E00CBFB51 /* Release */ = {
			isa = XCBuildConfiguration;
			buildSettings = {
				ALWAYS_EMBED_SWIFT_STANDARD_LIBRARIES = YES;
				CODE_SIGN_STYLE = Automatic;
				CURRENT_PROJECT_VERSION = 1;
				DEVELOPMENT_TEAM = RN3SC24S4G;
				GENERATE_INFOPLIST_FILE = YES;
				MARKETING_VERSION = 1.0;
				PRODUCT_BUNDLE_IDENTIFIER = com.alperenkavuk.swiftTestingUITests;
				PRODUCT_NAME = "$(TARGET_NAME)";
				SWIFT_EMIT_LOC_STRINGS = NO;
				SWIFT_VERSION = 5.0;
				TARGETED_DEVICE_FAMILY = "1,2";
				TEST_TARGET_NAME = swiftTesting;
			};
			name = Release;
		};
/* End XCBuildConfiguration section */

/* Begin XCConfigurationList section */
		A276B36529EADC1D00CBFB51 /* Build configuration list for PBXProject "swiftTesting" */ = {
			isa = XCConfigurationList;
			buildConfigurations = (
				A276B39229EADC1E00CBFB51 /* Debug */,
				A276B39329EADC1E00CBFB51 /* Release */,
			);
			defaultConfigurationIsVisible = 0;
			defaultConfigurationName = Release;
		};
		A276B39429EADC1E00CBFB51 /* Build configuration list for PBXNativeTarget "swiftTesting" */ = {
			isa = XCConfigurationList;
			buildConfigurations = (
				A276B39529EADC1E00CBFB51 /* Debug */,
				A276B39629EADC1E00CBFB51 /* Release */,
			);
			defaultConfigurationIsVisible = 0;
			defaultConfigurationName = Release;
		};
		A276B39729EADC1E00CBFB51 /* Build configuration list for PBXNativeTarget "swiftTestingTests" */ = {
			isa = XCConfigurationList;
			buildConfigurations = (
				A276B39829EADC1E00CBFB51 /* Debug */,
				A276B39929EADC1E00CBFB51 /* Release */,
			);
			defaultConfigurationIsVisible = 0;
			defaultConfigurationName = Release;
		};
		A276B39A29EADC1E00CBFB51 /* Build configuration list for PBXNativeTarget "swiftTestingUITests" */ = {
			isa = XCConfigurationList;
			buildConfigurations = (
				A276B39B29EADC1E00CBFB51 /* Debug */,
				A276B39C29EADC1E00CBFB51 /* Release */,
			);
			defaultConfigurationIsVisible = 0;
			defaultConfigurationName = Release;
		};
/* End XCConfigurationList section */
	};
	rootObject = A276B36229EADC1D00CBFB51 /* Project object */;
}
